
Microsoft Visual Studio Solution File, Format Version 12.00
# Visual Studio Version 16
VisualStudioVersion = 16.0.32002.261
MinimumVisualStudioVersion = 10.0.40219.1
Project("{FAE04EC0-301F-11D3-BF4B-00C04F79EFBC}") = "CadastroProdutos", "CadastroProdutos.csproj", "{96068B8B-6549-4D89-9253-4C94D5E38106}"
EndProject
Global
	GlobalSection(SolutionConfigurationPlatforms) = preSolution
		Debug|Any CPU = Debug|Any CPU
		Release|Any CPU = Release|Any CPU
	EndGlobalSection
	GlobalSection(ProjectConfigurationPlatforms) = postSolution
		{96068B8B-6549-4D89-9253-4C94D5E38106}.Debug|Any CPU.ActiveCfg = Debug|Any CPU
		{96068B8B-6549-4D89-9253-4C94D5E38106}.Debug|Any CPU.Build.0 = Debug|Any CPU
		{96068B8B-6549-4D89-9253-4C94D5E38106}.Release|Any CPU.ActiveCfg = Release|Any CPU
		{96068B8B-6549-4D89-9253-4C94D5E38106}.Release|Any CPU.Build.0 = Release|Any CPU
	EndGlobalSection
	GlobalSection(SolutionProperties) = preSolution
		HideSolutionNode = FALSE
	EndGlobalSection
	GlobalSection(ExtensibilityGlobals) = postSolution
		SolutionGuid = {BC88C4D7-85F6-4604-A178-DD7765CA1772}
	EndGlobalSection
EndGlobal
